
Microsoft Visual Studio Solution File, Format Version 12.00
# Visual Studio Version 16
VisualStudioVersion = 16.0.33027.164
MinimumVisualStudioVersion = 10.0.40219.1
Project("{FAE04EC0-301F-11D3-BF4B-00C04F79EFBC}") = "Test1", "Test1\Test1.csproj", "{D847ADE0-6F67-4ED5-B096-227FC511A2EB}"
EndProject
Global
	GlobalSection(SolutionConfigurationPlatforms) = preSolution
		Debug|Any CPU = Debug|Any CPU
		Release|Any CPU = Release|Any CPU
	EndGlobalSection
	GlobalSection(ProjectConfigurationPlatforms) = postSolution
		{D847ADE0-6F67-4ED5-B096-227FC511A2EB}.Debug|Any CPU.ActiveCfg = Debug|Any CPU
		{D847ADE0-6F67-4ED5-B096-227FC511A2EB}.Debug|Any CPU.Build.0 = Debug|Any CPU
		{D847ADE0-6F67-4ED5-B096-227FC511A2EB}.Release|Any CPU.ActiveCfg = Release|Any CPU
		{D847ADE0-6F67-4ED5-B096-227FC511A2EB}.Release|Any CPU.Build.0 = Release|Any CPU
	EndGlobalSection
	GlobalSection(SolutionProperties) = preSolution
		HideSolutionNode = FALSE
	EndGlobalSection
	GlobalSection(ExtensibilityGlobals) = postSolution
		SolutionGuid = {D10E0460-94EE-467E-8FB0-066F27789EDD}
	EndGlobalSection
EndGlobal
